
Microsoft Visual Studio Solution File, Format Version 12.00
# Visual Studio 15
Project("{FAE04EC0-301F-11D3-BF4B-00C04F79EFBC}") = "Assembly-CSharp-firstpass", "Assembly-CSharp-firstpass.csproj", "{EB82C55B-F3A2-0937-56F3-832966F4C124}"
EndProject
Project("{FAE04EC0-301F-11D3-BF4B-00C04F79EFBC}") = "Assembly-CSharp", "Assembly-CSharp.csproj", "{F62FB420-0783-7AB4-95B5-655151D1D948}"
EndProject
Project("{FAE04EC0-301F-11D3-BF4B-00C04F79EFBC}") = "Assembly-CSharp-Editor-firstpass", "Assembly-CSharp-Editor-firstpass.csproj", "{8DEC2CB4-7262-64F2-B8A8-BEA4FC9EFFDB}"
EndProject
Global
	GlobalSection(SolutionConfigurationPlatforms) = preSolution
		Debug|Any CPU = Debug|Any CPU
		Release|Any CPU = Release|Any CPU
	EndGlobalSection
	GlobalSection(ProjectConfigurationPlatforms) = postSolution
		{EB82C55B-F3A2-0937-56F3-832966F4C124}.Debug|Any CPU.ActiveCfg = Debug|Any CPU
		{EB82C55B-F3A2-0937-56F3-832966F4C124}.Debug|Any CPU.Build.0 = Debug|Any CPU
		{EB82C55B-F3A2-0937-56F3-832966F4C124}.Release|Any CPU.ActiveCfg = Release|Any CPU
		{EB82C55B-F3A2-0937-56F3-832966F4C124}.Release|Any CPU.Build.0 = Release|Any CPU
		{F62FB420-0783-7AB4-95B5-655151D1D948}.Debug|Any CPU.ActiveCfg = Debug|Any CPU
		{F62FB420-0783-7AB4-95B5-655151D1D948}.Debug|Any CPU.Build.0 = Debug|Any CPU
		{F62FB420-0783-7AB4-95B5-655151D1D948}.Release|Any CPU.ActiveCfg = Release|Any CPU
		{F62FB420-0783-7AB4-95B5-655151D1D948}.Release|Any CPU.Build.0 = Release|Any CPU
		{8DEC2CB4-7262-64F2-B8A8-BEA4FC9EFFDB}.Debug|Any CPU.ActiveCfg = Debug|Any CPU
		{8DEC2CB4-7262-64F2-B8A8-BEA4FC9EFFDB}.Debug|Any CPU.Build.0 = Debug|Any CPU
		{8DEC2CB4-7262-64F2-B8A8-BEA4FC9EFFDB}.Release|Any CPU.ActiveCfg = Release|Any CPU
		{8DEC2CB4-7262-64F2-B8A8-BEA4FC9EFFDB}.Release|Any CPU.Build.0 = Release|Any CPU
	EndGlobalSection
	GlobalSection(SolutionProperties) = preSolution
		HideSolutionNode = FALSE
	EndGlobalSection
EndGlobal
